
Microsoft Visual Studio Solution File, Format Version 12.00
# Visual Studio Version 17
VisualStudioVersion = 17.0.31903.59
MinimumVisualStudioVersion = 10.0.40219.1
Project("{9A19103F-16F7-4668-BE54-9A1E7A4F7556}") = "Piranha.SampleVulkan", "Piranha.SampleVulkan\Piranha.SampleVulkan.csproj", "{04C2D4A1-92EA-45AB-986D-CE8BC4239E59}"
EndProject
Project("{9A19103F-16F7-4668-BE54-9A1E7A4F7556}") = "Piranha.Jawbone", "Piranha.Jawbone\Piranha.Jawbone.csproj", "{CEDEBDA2-D650-4F2F-B1D4-117BB2E24CF4}"
EndProject
Project("{9A19103F-16F7-4668-BE54-9A1E7A4F7556}") = "Piranha.Jawbone.SourceGenerator", "Piranha.Jawbone.SourceGenerator\Piranha.Jawbone.SourceGenerator.csproj", "{1A4ACE6C-B09A-486F-8537-76218DC448DF}"
EndProject
Global
	GlobalSection(SolutionConfigurationPlatforms) = preSolution
		Debug|Any CPU = Debug|Any CPU
		Release|Any CPU = Release|Any CPU
	EndGlobalSection
	GlobalSection(ProjectConfigurationPlatforms) = postSolution
		{04C2D4A1-92EA-45AB-986D-CE8BC4239E59}.Debug|Any CPU.ActiveCfg = Debug|Any CPU
		{04C2D4A1-92EA-45AB-986D-CE8BC4239E59}.Debug|Any CPU.Build.0 = Debug|Any CPU
		{04C2D4A1-92EA-45AB-986D-CE8BC4239E59}.Release|Any CPU.ActiveCfg = Release|Any CPU
		{04C2D4A1-92EA-45AB-986D-CE8BC4239E59}.Release|Any CPU.Build.0 = Release|Any CPU
		{CEDEBDA2-D650-4F2F-B1D4-117BB2E24CF4}.Debug|Any CPU.ActiveCfg = Debug|Any CPU
		{CEDEBDA2-D650-4F2F-B1D4-117BB2E24CF4}.Debug|Any CPU.Build.0 = Debug|Any CPU
		{CEDEBDA2-D650-4F2F-B1D4-117BB2E24CF4}.Release|Any CPU.ActiveCfg = Release|Any CPU
		{CEDEBDA2-D650-4F2F-B1D4-117BB2E24CF4}.Release|Any CPU.Build.0 = Release|Any CPU
		{1A4ACE6C-B09A-486F-8537-76218DC448DF}.Debug|Any CPU.ActiveCfg = Debug|Any CPU
		{1A4ACE6C-B09A-486F-8537-76218DC448DF}.Debug|Any CPU.Build.0 = Debug|Any CPU
		{1A4ACE6C-B09A-486F-8537-76218DC448DF}.Release|Any CPU.ActiveCfg = Release|Any CPU
		{1A4ACE6C-B09A-486F-8537-76218DC448DF}.Release|Any CPU.Build.0 = Release|Any CPU
	EndGlobalSection
	GlobalSection(SolutionProperties) = preSolution
		HideSolutionNode = FALSE
	EndGlobalSection
EndGlobal
